{
  "name": "millicast-sdk-js",
  "version": "1.0.0",
  "lockfileVersion": 1,
  "requires": true,
  "dependencies": {
    "fsevents": {
      "version": "2.3.2",
      "resolved": "https://registry.npmjs.org/fsevents/-/fsevents-2.3.2.tgz",
      "integrity": "sha512-xiqMQR4xAeHTuB9uWm+fFRcIOgKBMiOBP+eXiyT7jsgVCq1bkVygt00oASowB7EdtpOHaaPgKt812P9ab+DDKA==",
      "optional": true
    },
    "rollup": {
      "version": "2.41.1",
      "resolved": "https://registry.npmjs.org/rollup/-/rollup-2.41.1.tgz",
      "integrity": "sha512-nepLFAW5W71/MWpS2Yr7r31eS7HRfYg2RXnxb6ehqN9zY42yACxKtEfb4xq8SmNfUohAzGMcyl6jkwdLOAiUbg==",
      "requires": {
        "fsevents": "~2.3.1"
      }
    }
  }
}
